
Microsoft Visual Studio Solution File, Format Version 12.00
# Visual Studio Version 17
VisualStudioVersion = 17.11.35312.102
MinimumVisualStudioVersion = 10.0.40219.1
Project("{FAE04EC0-301F-11D3-BF4B-00C04F79EFBC}") = "ToyStore", "ToyStore.csproj", "{CC6BB14A-7934-42AD-BB47-0C11EF4DC16D}"
EndProject
Global
	GlobalSection(SolutionConfigurationPlatforms) = preSolution
		Debug|Any CPU = Debug|Any CPU
		Release|Any CPU = Release|Any CPU
	EndGlobalSection
	GlobalSection(ProjectConfigurationPlatforms) = postSolution
		{CC6BB14A-7934-42AD-BB47-0C11EF4DC16D}.Debug|Any CPU.ActiveCfg = Debug|Any CPU
		{CC6BB14A-7934-42AD-BB47-0C11EF4DC16D}.Debug|Any CPU.Build.0 = Debug|Any CPU
		{CC6BB14A-7934-42AD-BB47-0C11EF4DC16D}.Release|Any CPU.ActiveCfg = Release|Any CPU
		{CC6BB14A-7934-42AD-BB47-0C11EF4DC16D}.Release|Any CPU.Build.0 = Release|Any CPU
	EndGlobalSection
	GlobalSection(SolutionProperties) = preSolution
		HideSolutionNode = FALSE
	EndGlobalSection
	GlobalSection(ExtensibilityGlobals) = postSolution
		SolutionGuid = {CA5029A8-39F1-44F4-8DE3-A0B264FD91C2}
	EndGlobalSection
EndGlobal
